// !$*UTF8*$!
{
	archiveVersion = 1;
	classes = {
	};
	objectVersion = 56;
	objects = {

/* Begin PBXBuildFile section */
		D05361562BEF53450052DA03 /* SafariView.swift in Sources */ = {isa = PBXBuildFile; fileRef = D05361552BEF53450052DA03 /* SafariView.swift */; };
		D09A87C62BEFDEFC00724251 /* FrameworkTitleView.swift in Sources */ = {isa = PBXBuildFile; fileRef = D09A87C52BEFDEFC00724251 /* FrameworkTitleView.swift */; };
		D09A87C82BEFDFA600724251 /* XDismissButton.swift in Sources */ = {isa = PBXBuildFile; fileRef = D09A87C72BEFDFA600724251 /* XDismissButton.swift */; };
		D09D965F2BEEB2A2000084C3 /* Apple_FrameworksApp.swift in Sources */ = {isa = PBXBuildFile; fileRef = D09D965E2BEEB2A2000084C3 /* Apple_FrameworksApp.swift */; };
		D09D96632BEEB2A3000084C3 /* Assets.xcassets in Resources */ = {isa = PBXBuildFile; fileRef = D09D96622BEEB2A3000084C3 /* Assets.xcassets */; };
		D09D96662BEEB2A3000084C3 /* Preview Assets.xcassets in Resources */ = {isa = PBXBuildFile; fileRef = D09D96652BEEB2A3000084C3 /* Preview Assets.xcassets */; };
		D09D96702BEEB2A3000084C3 /* Apple_FrameworksTests.swift in Sources */ = {isa = PBXBuildFile; fileRef = D09D966F2BEEB2A3000084C3 /* Apple_FrameworksTests.swift */; };
		D09D967A2BEEB2A3000084C3 /* Apple_FrameworksUITests.swift in Sources */ = {isa = PBXBuildFile; fileRef = D09D96792BEEB2A3000084C3 /* Apple_FrameworksUITests.swift */; };
		D09D967C2BEEB2A3000084C3 /* Apple_FrameworksUITestsLaunchTests.swift in Sources */ = {isa = PBXBuildFile; fileRef = D09D967B2BEEB2A3000084C3 /* Apple_FrameworksUITestsLaunchTests.swift */; };
		D09D96892BEEB2C8000084C3 /* Framework.swift in Sources */ = {isa = PBXBuildFile; fileRef = D09D96882BEEB2C8000084C3 /* Framework.swift */; };
		D09D968B2BEEB5BD000084C3 /* FrameworkGridView.swift in Sources */ = {isa = PBXBuildFile; fileRef = D09D968A2BEEB5BD000084C3 /* FrameworkGridView.swift */; };
		D0EBE07E2BEF1A4F00EC638F /* FrameworkDetailView.swift in Sources */ = {isa = PBXBuildFile; fileRef = D0EBE07D2BEF1A4F00EC638F /* FrameworkDetailView.swift */; };
		D0EBE0802BEF1CA600EC638F /* AFButton.swift in Sources */ = {isa = PBXBuildFile; fileRef = D0EBE07F2BEF1CA600EC638F /* AFButton.swift */; };
		D0EBE0822BEF3AC900EC638F /* FrameworkGridViewModel.swift in Sources */ = {isa = PBXBuildFile; fileRef = D0EBE0812BEF3AC900EC638F /* FrameworkGridViewModel.swift */; };
/* End PBXBuildFile section */

/* Begin PBXContainerItemProxy section */
		D09D966C2BEEB2A3000084C3 /* PBXContainerItemProxy */ = {
			isa = PBXContainerItemProxy;
			containerPortal = D09D96532BEEB2A2000084C3 /* Project object */;
			proxyType = 1;
			remoteGlobalIDString = D09D965A2BEEB2A2000084C3;
			remoteInfo = "Apple-Frameworks";
		};
		D09D96762BEEB2A3000084C3 /* PBXContainerItemProxy */ = {
			isa = PBXContainerItemProxy;
			containerPortal = D09D96532BEEB2A2000084C3 /* Project object */;
			proxyType = 1;
			remoteGlobalIDString = D09D965A2BEEB2A2000084C3;
			remoteInfo = "Apple-Frameworks";
		};
/* End PBXContainerItemProxy section */

/* Begin PBXFileReference section */
		D05361552BEF53450052DA03 /* SafariView.swift */ = {isa = PBXFileReference; lastKnownFileType = sourcecode.swift; path = SafariView.swift; sourceTree = "<group>"; };
		D09A87C52BEFDEFC00724251 /* FrameworkTitleView.swift */ = {isa = PBXFileReference; lastKnownFileType = sourcecode.swift; path = FrameworkTitleView.swift; sourceTree = "<group>"; };
		D09A87C72BEFDFA600724251 /* XDismissButton.swift */ = {isa = PBXFileReference; lastKnownFileType = sourcecode.swift; path = XDismissButton.swift; sourceTree = "<group>"; };
		D09D965B2BEEB2A2000084C3 /* Apple-Frameworks.app */ = {isa = PBXFileReference; explicitFileType = wrapper.application; includeInIndex = 0; path = "Apple-Frameworks.app"; sourceTree = BUILT_PRODUCTS_DIR; };
		D09D965E2BEEB2A2000084C3 /* Apple_FrameworksApp.swift */ = {isa = PBXFileReference; lastKnownFileType = sourcecode.swift; path = Apple_FrameworksApp.swift; sourceTree = "<group>"; };
		D09D96622BEEB2A3000084C3 /* Assets.xcassets */ = {isa = PBXFileReference; lastKnownFileType = folder.assetcatalog; path = Assets.xcassets; sourceTree = "<group>"; };
		D09D96652BEEB2A3000084C3 /* Preview Assets.xcassets */ = {isa = PBXFileReference; lastKnownFileType = folder.assetcatalog; path = "Preview Assets.xcassets"; sourceTree = "<group>"; };
		D09D966B2BEEB2A3000084C3 /* Apple-FrameworksTests.xctest */ = {isa = PBXFileReference; explicitFileType = wrapper.cfbundle; includeInIndex = 0; path = "Apple-FrameworksTests.xctest"; sourceTree = BUILT_PRODUCTS_DIR; };
		D09D966F2BEEB2A3000084C3 /* Apple_FrameworksTests.swift */ = {isa = PBXFileReference; lastKnownFileType = sourcecode.swift; path = Apple_FrameworksTests.swift; sourceTree = "<group>"; };
		D09D96752BEEB2A3000084C3 /* Apple-FrameworksUITests.xctest */ = {isa = PBXFileReference; explicitFileType = wrapper.cfbundle; includeInIndex = 0; path = "Apple-FrameworksUITests.xctest"; sourceTree = BUILT_PRODUCTS_DIR; };
		D09D96792BEEB2A3000084C3 /* Apple_FrameworksUITests.swift */ = {isa = PBXFileReference; lastKnownFileType = sourcecode.swift; path = Apple_FrameworksUITests.swift; sourceTree = "<group>"; };
		D09D967B2BEEB2A3000084C3 /* Apple_FrameworksUITestsLaunchTests.swift */ = {isa = PBXFileReference; lastKnownFileType = sourcecode.swift; path = Apple_FrameworksUITestsLaunchTests.swift; sourceTree = "<group>"; };
		D09D96882BEEB2C8000084C3 /* Framework.swift */ = {isa = PBXFileReference; lastKnownFileType = sourcecode.swift; path = Framework.swift; sourceTree = "<group>"; };
		D09D968A2BEEB5BD000084C3 /* FrameworkGridView.swift */ = {isa = PBXFileReference; lastKnownFileType = sourcecode.swift; path = FrameworkGridView.swift; sourceTree = "<group>"; };
		D0EBE07D2BEF1A4F00EC638F /* FrameworkDetailView.swift */ = {isa = PBXFileReference; lastKnownFileType = sourcecode.swift; path = FrameworkDetailView.swift; sourceTree = "<group>"; };
		D0EBE07F2BEF1CA600EC638F /* AFButton.swift */ = {isa = PBXFileReference; lastKnownFileType = sourcecode.swift; path = AFButton.swift; sourceTree = "<group>"; };
		D0EBE0812BEF3AC900EC638F /* FrameworkGridViewModel.swift */ = {isa = PBXFileReference; lastKnownFileType = sourcecode.swift; path = FrameworkGridViewModel.swift; sourceTree = "<group>"; };
/* End PBXFileReference section */

/* Begin PBXFrameworksBuildPhase section */
		D09D96582BEEB2A2000084C3 /* Frameworks */ = {
			isa = PBXFrameworksBuildPhase;
			buildActionMask = 2147483647;
			files = (
			);
			runOnlyForDeploymentPostprocessing = 0;
		};
		D09D96682BEEB2A3000084C3 /* Frameworks */ = {
			isa = PBXFrameworksBuildPhase;
			buildActionMask = 2147483647;
			files = (
			);
			runOnlyForDeploymentPostprocessing = 0;
		};
		D09D96722BEEB2A3000084C3 /* Frameworks */ = {
			isa = PBXFrameworksBuildPhase;
			buildActionMask = 2147483647;
			files = (
			);
			runOnlyForDeploymentPostprocessing = 0;
		};
/* End PBXFrameworksBuildPhase section */

/* Begin PBXGroup section */
		D09A87C92BEFE17D00724251 /* Screens */ = {
			isa = PBXGroup;
			children = (
				D09A87CA2BEFE18B00724251 /* FrameworkGridView */,
				D09A87CB2BEFE1A200724251 /* FrameworkDetailedView */,
			);
			path = Screens;
			sourceTree = "<group>";
		};
		D09A87CA2BEFE18B00724251 /* FrameworkGridView */ = {
			isa = PBXGroup;
			children = (
				D0EBE0812BEF3AC900EC638F /* FrameworkGridViewModel.swift */,
				D09D968A2BEEB5BD000084C3 /* FrameworkGridView.swift */,
			);
			path = FrameworkGridView;
			sourceTree = "<group>";
		};
		D09A87CB2BEFE1A200724251 /* FrameworkDetailedView */ = {
			isa = PBXGroup;
			children = (
				D0EBE07D2BEF1A4F00EC638F /* FrameworkDetailView.swift */,
			);
			path = FrameworkDetailedView;
			sourceTree = "<group>";
		};
		D09A87CC2BEFE1BD00724251 /* Model */ = {
			isa = PBXGroup;
			children = (
				D09D96882BEEB2C8000084C3 /* Framework.swift */,
			);
			path = Model;
			sourceTree = "<group>";
		};
		D09A87CD2BEFE1D100724251 /* Views */ = {
			isa = PBXGroup;
			children = (
				D09A87CF2BEFE1EA00724251 /* Views */,
				D09A87CE2BEFE1DB00724251 /* Buttons */,
			);
			path = Views;
			sourceTree = "<group>";
		};
		D09A87CE2BEFE1DB00724251 /* Buttons */ = {
			isa = PBXGroup;
			children = (
				D0EBE07F2BEF1CA600EC638F /* AFButton.swift */,
				D09A87C72BEFDFA600724251 /* XDismissButton.swift */,
			);
			path = Buttons;
			sourceTree = "<group>";
		};
		D09A87CF2BEFE1EA00724251 /* Views */ = {
			isa = PBXGroup;
			children = (
				D09A87C52BEFDEFC00724251 /* FrameworkTitleView.swift */,
			);
			path = Views;
			sourceTree = "<group>";
		};
		D09A87D02BEFE22100724251 /* UIKit Components */ = {
			isa = PBXGroup;
			children = (
				D05361552BEF53450052DA03 /* SafariView.swift */,
			);
			path = "UIKit Components";
			sourceTree = "<group>";
		};
		D09D96522BEEB2A2000084C3 = {
			isa = PBXGroup;
			children = (
				D09D965D2BEEB2A2000084C3 /* Apple-Frameworks */,
				D09D966E2BEEB2A3000084C3 /* Apple-FrameworksTests */,
				D09D96782BEEB2A3000084C3 /* Apple-FrameworksUITests */,
				D09D965C2BEEB2A2000084C3 /* Products */,
			);
			sourceTree = "<group>";
		};
		D09D965C2BEEB2A2000084C3 /* Products */ = {
			isa = PBXGroup;
			children = (
				D09D965B2BEEB2A2000084C3 /* Apple-Frameworks.app */,
				D09D966B2BEEB2A3000084C3 /* Apple-FrameworksTests.xctest */,
				D09D96752BEEB2A3000084C3 /* Apple-FrameworksUITests.xctest */,
			);
			name = Products;
			sourceTree = "<group>";
		};
		D09D965D2BEEB2A2000084C3 /* Apple-Frameworks */ = {
			isa = PBXGroup;
			children = (
				D09A87D02BEFE22100724251 /* UIKit Components */,
				D09A87CD2BEFE1D100724251 /* Views */,
				D09A87CC2BEFE1BD00724251 /* Model */,
				D09A87C92BEFE17D00724251 /* Screens */,
				D09D96622BEEB2A3000084C3 /* Assets.xcassets */,
				D09D965E2BEEB2A2000084C3 /* Apple_FrameworksApp.swift */,
				D09D96642BEEB2A3000084C3 /* Preview Content */,
			);
			path = "Apple-Frameworks";
			sourceTree = "<group>";
		};
		D09D96642BEEB2A3000084C3 /* Preview Content */ = {
			isa = PBXGroup;
			children = (
				D09D96652BEEB2A3000084C3 /* Preview Assets.xcassets */,
			);
			path = "Preview Content";
			sourceTree = "<group>";
		};
		D09D966E2BEEB2A3000084C3 /* Apple-FrameworksTests */ = {
			isa = PBXGroup;
			children = (
				D09D966F2BEEB2A3000084C3 /* Apple_FrameworksTests.swift */,
			);
			path = "Apple-FrameworksTests";
			sourceTree = "<group>";
		};
		D09D96782BEEB2A3000084C3 /* Apple-FrameworksUITests */ = {
			isa = PBXGroup;
			children = (
				D09D96792BEEB2A3000084C3 /* Apple_FrameworksUITests.swift */,
				D09D967B2BEEB2A3000084C3 /* Apple_FrameworksUITestsLaunchTests.swift */,
			);
			path = "Apple-FrameworksUITests";
			sourceTree = "<group>";
		};
/* End PBXGroup section */

/* Begin PBXNativeTarget section */
		D09D965A2BEEB2A2000084C3 /* Apple-Frameworks */ = {
			isa = PBXNativeTarget;
			buildConfigurationList = D09D967F2BEEB2A3000084C3 /* Build configuration list for PBXNativeTarget "Apple-Frameworks" */;
			buildPhases = (
				D09D96572BEEB2A2000084C3 /* Sources */,
				D09D96582BEEB2A2000084C3 /* Frameworks */,
				D09D96592BEEB2A2000084C3 /* Resources */,
			);
			buildRules = (
			);
			dependencies = (
			);
			name = "Apple-Frameworks";
			productName = "Apple-Frameworks";
			productReference = D09D965B2BEEB2A2000084C3 /* Apple-Frameworks.app */;
			productType = "com.apple.product-type.application";
		};
		D09D966A2BEEB2A3000084C3 /* Apple-FrameworksTests */ = {
			isa = PBXNativeTarget;
			buildConfigurationList = D09D96822BEEB2A3000084C3 /* Build configuration list for PBXNativeTarget "Apple-FrameworksTests" */;
			buildPhases = (
				D09D96672BEEB2A3000084C3 /* Sources */,
				D09D96682BEEB2A3000084C3 /* Frameworks */,
				D09D96692BEEB2A3000084C3 /* Resources */,
			);
			buildRules = (
			);
			dependencies = (
				D09D966D2BEEB2A3000084C3 /* PBXTargetDependency */,
			);
			name = "Apple-FrameworksTests";
			productName = "Apple-FrameworksTests";
			productReference = D09D966B2BEEB2A3000084C3 /* Apple-FrameworksTests.xctest */;
			productType = "com.apple.product-type.bundle.unit-test";
		};
		D09D96742BEEB2A3000084C3 /* Apple-FrameworksUITests */ = {
			isa = PBXNativeTarget;
			buildConfigurationList = D09D96852BEEB2A3000084C3 /* Build configuration list for PBXNativeTarget "Apple-FrameworksUITests" */;
			buildPhases = (
				D09D96712BEEB2A3000084C3 /* Sources */,
				D09D96722BEEB2A3000084C3 /* Frameworks */,
				D09D96732BEEB2A3000084C3 /* Resources */,
			);
			buildRules = (
			);
			dependencies = (
				D09D96772BEEB2A3000084C3 /* PBXTargetDependency */,
			);
			name = "Apple-FrameworksUITests";
			productName = "Apple-FrameworksUITests";
			productReference = D09D96752BEEB2A3000084C3 /* Apple-FrameworksUITests.xctest */;
			productType = "com.apple.product-type.bundle.ui-testing";
		};
/* End PBXNativeTarget section */

/* Begin PBXProject section */
		D09D96532BEEB2A2000084C3 /* Project object */ = {
			isa = PBXProject;
			attributes = {
				BuildIndependentTargetsInParallel = 1;
				LastSwiftUpdateCheck = 1510;
				LastUpgradeCheck = 1510;
				TargetAttributes = {
					D09D965A2BEEB2A2000084C3 = {
						CreatedOnToolsVersion = 15.1;
					};
					D09D966A2BEEB2A3000084C3 = {
						CreatedOnToolsVersion = 15.1;
						TestTargetID = D09D965A2BEEB2A2000084C3;
					};
					D09D96742BEEB2A3000084C3 = {
						CreatedOnToolsVersion = 15.1;
						TestTargetID = D09D965A2BEEB2A2000084C3;
					};
				};
			};
			buildConfigurationList = D09D96562BEEB2A2000084C3 /* Build configuration list for PBXProject "Apple-Frameworks" */;
			compatibilityVersion = "Xcode 14.0";
			developmentRegion = en;
			hasScannedForEncodings = 0;
			knownRegions = (
				en,
				Base,
			);
			mainGroup = D09D96522BEEB2A2000084C3;
			productRefGroup = D09D965C2BEEB2A2000084C3 /* Products */;
			projectDirPath = "";
			projectRoot = "";
			targets = (
				D09D965A2BEEB2A2000084C3 /* Apple-Frameworks */,
				D09D966A2BEEB2A3000084C3 /* Apple-FrameworksTests */,
				D09D96742BEEB2A3000084C3 /* Apple-FrameworksUITests */,
			);
		};
/* End PBXProject section */

/* Begin PBXResourcesBuildPhase section */
		D09D96592BEEB2A2000084C3 /* Resources */ = {
			isa = PBXResourcesBuildPhase;
			buildActionMask = 2147483647;
			files = (
				D09D96662BEEB2A3000084C3 /* Preview Assets.xcassets in Resources */,
				D09D96632BEEB2A3000084C3 /* Assets.xcassets in Resources */,
			);
			runOnlyForDeploymentPostprocessing = 0;
		};
		D09D96692BEEB2A3000084C3 /* Resources */ = {
			isa = PBXResourcesBuildPhase;
			buildActionMask = 2147483647;
			files = (
			);
			runOnlyForDeploymentPostprocessing = 0;
		};
		D09D96732BEEB2A3000084C3 /* Resources */ = {
			isa = PBXResourcesBuildPhase;
			buildActionMask = 2147483647;
			files = (
			);
			runOnlyForDeploymentPostprocessing = 0;
		};
/* End PBXResourcesBuildPhase section */

/* Begin PBXSourcesBuildPhase section */
		D09D96572BEEB2A2000084C3 /* Sources */ = {
			isa = PBXSourcesBuildPhase;
			buildActionMask = 2147483647;
			files = (
				D0EBE07E2BEF1A4F00EC638F /* FrameworkDetailView.swift in Sources */,
				D09D968B2BEEB5BD000084C3 /* FrameworkGridView.swift in Sources */,
				D09A87C82BEFDFA600724251 /* XDismissButton.swift in Sources */,
				D09D96892BEEB2C8000084C3 /* Framework.swift in Sources */,
				D0EBE0802BEF1CA600EC638F /* AFButton.swift in Sources */,
				D09D965F2BEEB2A2000084C3 /* Apple_FrameworksApp.swift in Sources */,
				D0EBE0822BEF3AC900EC638F /* FrameworkGridViewModel.swift in Sources */,
				D09A87C62BEFDEFC00724251 /* FrameworkTitleView.swift in Sources */,
				D05361562BEF53450052DA03 /* SafariView.swift in Sources */,
			);
			runOnlyForDeploymentPostprocessing = 0;
		};
		D09D96672BEEB2A3000084C3 /* Sources */ = {
			isa = PBXSourcesBuildPhase;
			buildActionMask = 2147483647;
			files = (
				D09D96702BEEB2A3000084C3 /* Apple_FrameworksTests.swift in Sources */,
			);
			runOnlyForDeploymentPostprocessing = 0;
		};
		D09D96712BEEB2A3000084C3 /* Sources */ = {
			isa = PBXSourcesBuildPhase;
			buildActionMask = 2147483647;
			files = (
				D09D967C2BEEB2A3000084C3 /* Apple_FrameworksUITestsLaunchTests.swift in Sources */,
				D09D967A2BEEB2A3000084C3 /* Apple_FrameworksUITests.swift in Sources */,
			);
			runOnlyForDeploymentPostprocessing = 0;
		};
/* End PBXSourcesBuildPhase section */

/* Begin PBXTargetDependency section */
		D09D966D2BEEB2A3000084C3 /* PBXTargetDependency */ = {
			isa = PBXTargetDependency;
			target = D09D965A2BEEB2A2000084C3 /* Apple-Frameworks */;
			targetProxy = D09D966C2BEEB2A3000084C3 /* PBXContainerItemProxy */;
		};
		D09D96772BEEB2A3000084C3 /* PBXTargetDependency */ = {
			isa = PBXTargetDependency;
			target = D09D965A2BEEB2A2000084C3 /* Apple-Frameworks */;
			targetProxy = D09D96762BEEB2A3000084C3 /* PBXContainerItemProxy */;
		};
/* End PBXTargetDependency section */

/* Begin XCBuildConfiguration section */
		D09D967D2BEEB2A3000084C3 /* Debug */ = {
			isa = XCBuildConfiguration;
			buildSettings = {
				ALWAYS_SEARCH_USER_PATHS = NO;
				ASSETCATALOG_COMPILER_GENERATE_SWIFT_ASSET_SYMBOL_EXTENSIONS = YES;
				CLANG_ANALYZER_NONNULL = YES;
				CLANG_ANALYZER_NUMBER_OBJECT_CONVERSION = YES_AGGRESSIVE;
				CLANG_CXX_LANGUAGE_STANDARD = "gnu++20";
				CLANG_ENABLE_MODULES = YES;
				CLANG_ENABLE_OBJC_ARC = YES;
				CLANG_ENABLE_OBJC_WEAK = YES;
				CLANG_WARN_BLOCK_CAPTURE_AUTORELEASING = YES;
				CLANG_WARN_BOOL_CONVERSION = YES;
				CLANG_WARN_COMMA = YES;
				CLANG_WARN_CONSTANT_CONVERSION = YES;
				CLANG_WARN_DEPRECATED_OBJC_IMPLEMENTATIONS = YES;
				CLANG_WARN_DIRECT_OBJC_ISA_USAGE = YES_ERROR;
				CLANG_WARN_DOCUMENTATION_COMMENTS = YES;
				CLANG_WARN_EMPTY_BODY = YES;
				CLANG_WARN_ENUM_CONVERSION = YES;
				CLANG_WARN_INFINITE_RECURSION = YES;
				CLANG_WARN_INT_CONVERSION = YES;
				CLANG_WARN_NON_LITERAL_NULL_CONVERSION = YES;
				CLANG_WARN_OBJC_IMPLICIT_RETAIN_SELF = YES;
				CLANG_WARN_OBJC_LITERAL_CONVERSION = YES;
				CLANG_WARN_OBJC_ROOT_CLASS = YES_ERROR;
				CLANG_WARN_QUOTED_INCLUDE_IN_FRAMEWORK_HEADER = YES;
				CLANG_WARN_RANGE_LOOP_ANALYSIS = YES;
				CLANG_WARN_STRICT_PROTOTYPES = YES;
				CLANG_WARN_SUSPICIOUS_MOVE = YES;
				CLANG_WARN_UNGUARDED_AVAILABILITY = YES_AGGRESSIVE;
				CLANG_WARN_UNREACHABLE_CODE = YES;
				CLANG_WARN__DUPLICATE_METHOD_MATCH = YES;
				COPY_PHASE_STRIP = NO;
				DEBUG_INFORMATION_FORMAT = dwarf;
				ENABLE_STRICT_OBJC_MSGSEND = YES;
				ENABLE_TESTABILITY = YES;
				ENABLE_USER_SCRIPT_SANDBOXING = YES;
				GCC_C_LANGUAGE_STANDARD = gnu17;
				GCC_DYNAMIC_NO_PIC = NO;
				GCC_NO_COMMON_BLOCKS = YES;
				GCC_OPTIMIZATION_LEVEL = 0;
				GCC_PREPROCESSOR_DEFINITIONS = (
					"DEBUG=1",
					"$(inherited)",
				);
				GCC_WARN_64_TO_32_BIT_CONVERSION = YES;
				GCC_WARN_ABOUT_RETURN_TYPE = YES_ERROR;
				GCC_WARN_UNDECLARED_SELECTOR = YES;
				GCC_WARN_UNINITIALIZED_AUTOS = YES_AGGRESSIVE;
				GCC_WARN_UNUSED_FUNCTION = YES;
				GCC_WARN_UNUSED_VARIABLE = YES;
				IPHONEOS_DEPLOYMENT_TARGET = 17.2;
				LOCALIZATION_PREFERS_STRING_CATALOGS = YES;
				MTL_ENABLE_DEBUG_INFO = INCLUDE_SOURCE;
				MTL_FAST_MATH = YES;
				ONLY_ACTIVE_ARCH = YES;
				SDKROOT = iphoneos;
				SWIFT_ACTIVE_COMPILATION_CONDITIONS = "DEBUG $(inherited)";
				SWIFT_OPTIMIZATION_LEVEL = "-Onone";
			};
			name = Debug;
		};
		D09D967E2BEEB2A3000084C3 /* Release */ = {
			isa = XCBuildConfiguration;
			buildSettings = {
				ALWAYS_SEARCH_USER_PATHS = NO;
				ASSETCATALOG_COMPILER_GENERATE_SWIFT_ASSET_SYMBOL_EXTENSIONS = YES;
				CLANG_ANALYZER_NONNULL = YES;
				CLANG_ANALYZER_NUMBER_OBJECT_CONVERSION = YES_AGGRESSIVE;
				CLANG_CXX_LANGUAGE_STANDARD = "gnu++20";
				CLANG_ENABLE_MODULES = YES;
				CLANG_ENABLE_OBJC_ARC = YES;
				CLANG_ENABLE_OBJC_WEAK = YES;
				CLANG_WARN_BLOCK_CAPTURE_AUTORELEASING = YES;
				CLANG_WARN_BOOL_CONVERSION = YES;
				CLANG_WARN_COMMA = YES;
				CLANG_WARN_CONSTANT_CONVERSION = YES;
				CLANG_WARN_DEPRECATED_OBJC_IMPLEMENTATIONS = YES;
				CLANG_WARN_DIRECT_OBJC_ISA_USAGE = YES_ERROR;
				CLANG_WARN_DOCUMENTATION_COMMENTS = YES;
				CLANG_WARN_EMPTY_BODY = YES;
				CLANG_WARN_ENUM_CONVERSION = YES;
				CLANG_WARN_INFINITE_RECURSION = YES;
				CLANG_WARN_INT_CONVERSION = YES;
				CLANG_WARN_NON_LITERAL_NULL_CONVERSION = YES;
				CLANG_WARN_OBJC_IMPLICIT_RETAIN_SELF = YES;
				CLANG_WARN_OBJC_LITERAL_CONVERSION = YES;
				CLANG_WARN_OBJC_ROOT_CLASS = YES_ERROR;
				CLANG_WARN_QUOTED_INCLUDE_IN_FRAMEWORK_HEADER = YES;
				CLANG_WARN_RANGE_LOOP_ANALYSIS = YES;
				CLANG_WARN_STRICT_PROTOTYPES = YES;
				CLANG_WARN_SUSPICIOUS_MOVE = YES;
				CLANG_WARN_UNGUARDED_AVAILABILITY = YES_AGGRESSIVE;
				CLANG_WARN_UNREACHABLE_CODE = YES;
				CLANG_WARN__DUPLICATE_METHOD_MATCH = YES;
				COPY_PHASE_STRIP = NO;
				DEBUG_INFORMATION_FORMAT = "dwarf-with-dsym";
				ENABLE_NS_ASSERTIONS = NO;
				ENABLE_STRICT_OBJC_MSGSEND = YES;
				ENABLE_USER_SCRIPT_SANDBOXING = YES;
				GCC_C_LANGUAGE_STANDARD = gnu17;
				GCC_NO_COMMON_BLOCKS = YES;
				GCC_WARN_64_TO_32_BIT_CONVERSION = YES;
				GCC_WARN_ABOUT_RETURN_TYPE = YES_ERROR;
				GCC_WARN_UNDECLARED_SELECTOR = YES;
				GCC_WARN_UNINITIALIZED_AUTOS = YES_AGGRESSIVE;
				GCC_WARN_UNUSED_FUNCTION = YES;
				GCC_WARN_UNUSED_VARIABLE = YES;
				IPHONEOS_DEPLOYMENT_TARGET = 17.2;
				LOCALIZATION_PREFERS_STRING_CATALOGS = YES;
				MTL_ENABLE_DEBUG_INFO = NO;
				MTL_FAST_MATH = YES;
				SDKROOT = iphoneos;
				SWIFT_COMPILATION_MODE = wholemodule;
				VALIDATE_PRODUCT = YES;
			};
			name = Release;
		};
		D09D96802BEEB2A3000084C3 /* Debug */ = {
			isa = XCBuildConfiguration;
			buildSettings = {
				ASSETCATALOG_COMPILER_APPICON_NAME = AppIcon;
				ASSETCATALOG_COMPILER_GLOBAL_ACCENT_COLOR_NAME = AccentColor;
				CODE_SIGN_STYLE = Automatic;
				CURRENT_PROJECT_VERSION = 1;
				DEVELOPMENT_ASSET_PATHS = "\"Apple-Frameworks/Preview Content\"";
				ENABLE_PREVIEWS = YES;
				GENERATE_INFOPLIST_FILE = YES;
				INFOPLIST_KEY_UIApplicationSceneManifest_Generation = YES;
				INFOPLIST_KEY_UIApplicationSupportsIndirectInputEvents = YES;
				INFOPLIST_KEY_UILaunchScreen_Generation = YES;
				INFOPLIST_KEY_UISupportedInterfaceOrientations_iPad = "UIInterfaceOrientationPortrait UIInterfaceOrientationPortraitUpsideDown UIInterfaceOrientationLandscapeLeft UIInterfaceOrientationLandscapeRight";
				INFOPLIST_KEY_UISupportedInterfaceOrientations_iPhone = "UIInterfaceOrientationPortrait UIInterfaceOrientationLandscapeLeft UIInterfaceOrientationLandscapeRight";
				LD_RUNPATH_SEARCH_PATHS = (
					"$(inherited)",
					"@executable_path/Frameworks",
				);
				MARKETING_VERSION = 1.0;
				PRODUCT_BUNDLE_IDENTIFIER = "himprakashdas.Apple-Frameworks";
				PRODUCT_NAME = "$(TARGET_NAME)";
				SWIFT_EMIT_LOC_STRINGS = YES;
				SWIFT_VERSION = 5.0;
				TARGETED_DEVICE_FAMILY = "1,2";
			};
			name = Debug;
		};
		D09D96812BEEB2A3000084C3 /* Release */ = {
			isa = XCBuildConfiguration;
			buildSettings = {
				ASSETCATALOG_COMPILER_APPICON_NAME = AppIcon;
				ASSETCATALOG_COMPILER_GLOBAL_ACCENT_COLOR_NAME = AccentColor;
				CODE_SIGN_STYLE = Automatic;
				CURRENT_PROJECT_VERSION = 1;
				DEVELOPMENT_ASSET_PATHS = "\"Apple-Frameworks/Preview Content\"";
				ENABLE_PREVIEWS = YES;
				GENERATE_INFOPLIST_FILE = YES;
				INFOPLIST_KEY_UIApplicationSceneManifest_Generation = YES;
				INFOPLIST_KEY_UIApplicationSupportsIndirectInputEvents = YES;
				INFOPLIST_KEY_UILaunchScreen_Generation = YES;
				INFOPLIST_KEY_UISupportedInterfaceOrientations_iPad = "UIInterfaceOrientationPortrait UIInterfaceOrientationPortraitUpsideDown UIInterfaceOrientationLandscapeLeft UIInterfaceOrientationLandscapeRight";
				INFOPLIST_KEY_UISupportedInterfaceOrientations_iPhone = "UIInterfaceOrientationPortrait UIInterfaceOrientationLandscapeLeft UIInterfaceOrientationLandscapeRight";
				LD_RUNPATH_SEARCH_PATHS = (
					"$(inherited)",
					"@executable_path/Frameworks",
				);
				MARKETING_VERSION = 1.0;
				PRODUCT_BUNDLE_IDENTIFIER = "himprakashdas.Apple-Frameworks";
				PRODUCT_NAME = "$(TARGET_NAME)";
				SWIFT_EMIT_LOC_STRINGS = YES;
				SWIFT_VERSION = 5.0;
				TARGETED_DEVICE_FAMILY = "1,2";
			};
			name = Release;
		};
		D09D96832BEEB2A3000084C3 /* Debug */ = {
			isa = XCBuildConfiguration;
			buildSettings = {
				ALWAYS_EMBED_SWIFT_STANDARD_LIBRARIES = YES;
				BUNDLE_LOADER = "$(TEST_HOST)";
				CODE_SIGN_STYLE = Automatic;
				CURRENT_PROJECT_VERSION = 1;
				GENERATE_INFOPLIST_FILE = YES;
				IPHONEOS_DEPLOYMENT_TARGET = 17.2;
				MARKETING_VERSION = 1.0;
				PRODUCT_BUNDLE_IDENTIFIER = "himprakashdas.Apple-FrameworksTests";
				PRODUCT_NAME = "$(TARGET_NAME)";
				SWIFT_EMIT_LOC_STRINGS = NO;
				SWIFT_VERSION = 5.0;
				TARGETED_DEVICE_FAMILY = "1,2";
				TEST_HOST = "$(BUILT_PRODUCTS_DIR)/Apple-Frameworks.app/$(BUNDLE_EXECUTABLE_FOLDER_PATH)/Apple-Frameworks";
			};
			name = Debug;
		};
		D09D96842BEEB2A3000084C3 /* Release */ = {
			isa = XCBuildConfiguration;
			buildSettings = {
				ALWAYS_EMBED_SWIFT_STANDARD_LIBRARIES = YES;
				BUNDLE_LOADER = "$(TEST_HOST)";
				CODE_SIGN_STYLE = Automatic;
				CURRENT_PROJECT_VERSION = 1;
				GENERATE_INFOPLIST_FILE = YES;
				IPHONEOS_DEPLOYMENT_TARGET = 17.2;
				MARKETING_VERSION = 1.0;
				PRODUCT_BUNDLE_IDENTIFIER = "himprakashdas.Apple-FrameworksTests";
				PRODUCT_NAME = "$(TARGET_NAME)";
				SWIFT_EMIT_LOC_STRINGS = NO;
				SWIFT_VERSION = 5.0;
				TARGETED_DEVICE_FAMILY = "1,2";
				TEST_HOST = "$(BUILT_PRODUCTS_DIR)/Apple-Frameworks.app/$(BUNDLE_EXECUTABLE_FOLDER_PATH)/Apple-Frameworks";
			};
			name = Release;
		};
		D09D96862BEEB2A3000084C3 /* Debug */ = {
			isa = XCBuildConfiguration;
			buildSettings = {
				ALWAYS_EMBED_SWIFT_STANDARD_LIBRARIES = YES;
				CODE_SIGN_STYLE = Automatic;
				CURRENT_PROJECT_VERSION = 1;
				GENERATE_INFOPLIST_FILE = YES;
				MARKETING_VERSION = 1.0;
				PRODUCT_BUNDLE_IDENTIFIER = "himprakashdas.Apple-FrameworksUITests";
				PRODUCT_NAME = "$(TARGET_NAME)";
				SWIFT_EMIT_LOC_STRINGS = NO;
				SWIFT_VERSION = 5.0;
				TARGETED_DEVICE_FAMILY = "1,2";
				TEST_TARGET_NAME = "Apple-Frameworks";
			};
			name = Debug;
		};
		D09D96872BEEB2A3000084C3 /* Release */ = {
			isa = XCBuildConfiguration;
			buildSettings = {
				ALWAYS_EMBED_SWIFT_STANDARD_LIBRARIES = YES;
				CODE_SIGN_STYLE = Automatic;
				CURRENT_PROJECT_VERSION = 1;
				GENERATE_INFOPLIST_FILE = YES;
				MARKETING_VERSION = 1.0;
				PRODUCT_BUNDLE_IDENTIFIER = "himprakashdas.Apple-FrameworksUITests";
				PRODUCT_NAME = "$(TARGET_NAME)";
				SWIFT_EMIT_LOC_STRINGS = NO;
				SWIFT_VERSION = 5.0;
				TARGETED_DEVICE_FAMILY = "1,2";
				TEST_TARGET_NAME = "Apple-Frameworks";
			};
			name = Release;
		};
/* End XCBuildConfiguration section */

/* Begin XCConfigurationList section */
		D09D96562BEEB2A2000084C3 /* Build configuration list for PBXProject "Apple-Frameworks" */ = {
			isa = XCConfigurationList;
			buildConfigurations = (
				D09D967D2BEEB2A3000084C3 /* Debug */,
				D09D967E2BEEB2A3000084C3 /* Release */,
			);
			defaultConfigurationIsVisible = 0;
			defaultConfigurationName = Release;
		};
		D09D967F2BEEB2A3000084C3 /* Build configuration list for PBXNativeTarget "Apple-Frameworks" */ = {
			isa = XCConfigurationList;
			buildConfigurations = (
				D09D96802BEEB2A3000084C3 /* Debug */,
				D09D96812BEEB2A3000084C3 /* Release */,
			);
			defaultConfigurationIsVisible = 0;
			defaultConfigurationName = Release;
		};
		D09D96822BEEB2A3000084C3 /* Build configuration list for PBXNativeTarget "Apple-FrameworksTests" */ = {
			isa = XCConfigurationList;
			buildConfigurations = (
				D09D96832BEEB2A3000084C3 /* Debug */,
				D09D96842BEEB2A3000084C3 /* Release */,
			);
			defaultConfigurationIsVisible = 0;
			defaultConfigurationName = Release;
		};
		D09D96852BEEB2A3000084C3 /* Build configuration list for PBXNativeTarget "Apple-FrameworksUITests" */ = {
			isa = XCConfigurationList;
			buildConfigurations = (
				D09D96862BEEB2A3000084C3 /* Debug */,
				D09D96872BEEB2A3000084C3 /* Release */,
			);
			defaultConfigurationIsVisible = 0;
			defaultConfigurationName = Release;
		};
/* End XCConfigurationList section */
	};
	rootObject = D09D96532BEEB2A2000084C3 /* Project object */;
}
